
Microsoft Visual Studio Solution File, Format Version 12.00
# Visual Studio 14
VisualStudioVersion = 14.0.25420.1
MinimumVisualStudioVersion = 10.0.40219.1
Project("{FAE04EC0-301F-11D3-BF4B-00C04F79EFBC}") = "SMTP_Protocol", "SMTP_Protocol\SMTP_Protocol.csproj", "{D772B412-068D-40DD-BE9F-D50C3C91952B}"
EndProject
Project("{FAE04EC0-301F-11D3-BF4B-00C04F79EFBC}") = "Me", "Me\Me.csproj", "{011F7BDB-8842-4E3F-8737-FA2D90126BB2}"
EndProject
Global
	GlobalSection(SolutionConfigurationPlatforms) = preSolution
		Debug|Any CPU = Debug|Any CPU
		Release|Any CPU = Release|Any CPU
	EndGlobalSection
	GlobalSection(ProjectConfigurationPlatforms) = postSolution
		{D772B412-068D-40DD-BE9F-D50C3C91952B}.Debug|Any CPU.ActiveCfg = Debug|Any CPU
		{D772B412-068D-40DD-BE9F-D50C3C91952B}.Debug|Any CPU.Build.0 = Debug|Any CPU
		{D772B412-068D-40DD-BE9F-D50C3C91952B}.Release|Any CPU.ActiveCfg = Release|Any CPU
		{D772B412-068D-40DD-BE9F-D50C3C91952B}.Release|Any CPU.Build.0 = Release|Any CPU
		{011F7BDB-8842-4E3F-8737-FA2D90126BB2}.Debug|Any CPU.ActiveCfg = Debug|Any CPU
		{011F7BDB-8842-4E3F-8737-FA2D90126BB2}.Debug|Any CPU.Build.0 = Debug|Any CPU
		{011F7BDB-8842-4E3F-8737-FA2D90126BB2}.Release|Any CPU.ActiveCfg = Release|Any CPU
		{011F7BDB-8842-4E3F-8737-FA2D90126BB2}.Release|Any CPU.Build.0 = Release|Any CPU
	EndGlobalSection
	GlobalSection(SolutionProperties) = preSolution
		HideSolutionNode = FALSE
	EndGlobalSection
EndGlobal
